
Microsoft Visual Studio Solution File, Format Version 12.00
# Visual Studio Version 17
VisualStudioVersion = 17.2.32616.157
MinimumVisualStudioVersion = 10.0.40219.1
Project("{FAE04EC0-301F-11D3-BF4B-00C04F79EFBC}") = "Powers-2", "Powers-2\Powers-2.csproj", "{7016D7CD-375B-4D3A-968D-F9EAA4D9C469}"
EndProject
Global
	GlobalSection(SolutionConfigurationPlatforms) = preSolution
		Debug|Any CPU = Debug|Any CPU
		Release|Any CPU = Release|Any CPU
	EndGlobalSection
	GlobalSection(ProjectConfigurationPlatforms) = postSolution
		{7016D7CD-375B-4D3A-968D-F9EAA4D9C469}.Debug|Any CPU.ActiveCfg = Debug|Any CPU
		{7016D7CD-375B-4D3A-968D-F9EAA4D9C469}.Debug|Any CPU.Build.0 = Debug|Any CPU
		{7016D7CD-375B-4D3A-968D-F9EAA4D9C469}.Release|Any CPU.ActiveCfg = Release|Any CPU
		{7016D7CD-375B-4D3A-968D-F9EAA4D9C469}.Release|Any CPU.Build.0 = Release|Any CPU
	EndGlobalSection
	GlobalSection(SolutionProperties) = preSolution
		HideSolutionNode = FALSE
	EndGlobalSection
	GlobalSection(ExtensibilityGlobals) = postSolution
		SolutionGuid = {99A192C2-4858-4D62-B71B-E413D5BEA5F3}
	EndGlobalSection
EndGlobal
